{
  "name": "cloudflare-ddns",
  "version": "0.0.1",
  "lockfileVersion": 1,
  "requires": true,
  "dependencies": {
    "colors": {
      "version": "1.4.0",
      "resolved": "https://registry.npmjs.org/colors/-/colors-1.4.0.tgz",
      "integrity": "sha512-a+UqTh4kgZg/SlGvfbzDHpgRu7AAQOmmqRHJnxhRZICKFUT91brVhNNt58CMWU9PsBbv3PDCZUHbVxuDiH2mtA=="
    },
    "requiem-http": {
      "version": "1.2.1",
      "resolved": "https://registry.npmjs.org/requiem-http/-/requiem-http-1.2.1.tgz",
      "integrity": "sha512-51y6OMsTtrm1OEp2FvTS/d3Pz2GtyLjy4rmU+RIW2hofB4qBdOsU07Mx7t+Cf46rrTQ3ddarN5iXARTdBUzKrA=="
    }
  }
}
